{
  "requires": true,
  "lockfileVersion": 1,
  "dependencies": {
    "primer-alerts": {
      "version": "1.1.7",
      "resolved": "https://registry.npmjs.org/primer-alerts/-/primer-alerts-1.1.7.tgz",
      "integrity": "sha1-Ilhdk4/f8CttIs5gPd+xlnMpqIo=",
      "requires": {
        "primer-support": "4.0.6"
      }
    },
    "primer-avatars": {
      "version": "1.0.1",
      "resolved": "https://registry.npmjs.org/primer-avatars/-/primer-avatars-1.0.1.tgz",
      "integrity": "sha1-M9ZnDrZWpGcWrsK0kHnsodKh/5M=",
      "requires": {
        "primer-support": "4.0.6"
      }
    },
    "primer-base": {
      "version": "0.4.2",
      "resolved": "https://registry.npmjs.org/primer-base/-/primer-base-0.4.2.tgz",
      "integrity": "sha1-EL6nvdRUxEex7W6AFZXziIsw8B8=",
      "requires": {
        "primer-support": "4.0.6"
      }
    },
    "primer-blankslate": {
      "version": "1.0.1",
      "resolved": "https://registry.npmjs.org/primer-blankslate/-/primer-blankslate-1.0.1.tgz",
      "integrity": "sha1-feJj+C7rQy0QjUQfvyMk12JAQbw=",
      "requires": {
        "primer-support": "4.0.6"
      }
    },
    "primer-box": {
      "version": "2.1.7",
      "resolved": "https://registry.npmjs.org/primer-box/-/primer-box-2.1.7.tgz",
      "integrity": "sha1-BLcZ1evmpwgPWVgb9791TJTVc0I=",
      "requires": {
        "primer-support": "4.0.6"
      }
    },
    "primer-breadcrumb": {
      "version": "1.0.1",
      "resolved": "https://registry.npmjs.org/primer-breadcrumb/-/primer-breadcrumb-1.0.1.tgz",
      "integrity": "sha1-0O9p0vHeTOnU3ZPHwFmVRQbcDuQ=",
      "requires": {
        "primer-marketing-support": "1.0.1",
        "primer-support": "4.0.6"
      }
    },
    "primer-buttons": {
      "version": "2.0.5",
      "resolved": "https://registry.npmjs.org/primer-buttons/-/primer-buttons-2.0.5.tgz",
      "integrity": "sha1-C97B8QLf+yPv8RKXHyng2DajAog=",
      "requires": {
        "primer-support": "4.0.6"
      }
    },
    "primer-cards": {
      "version": "0.1.7",
      "resolved": "https://registry.npmjs.org/primer-cards/-/primer-cards-0.1.7.tgz",
      "integrity": "sha1-mm6sbVO9PeK0XzlWoBKz9jf7K3o=",
      "requires": {
        "primer-marketing-support": "1.0.1",
        "primer-support": "4.0.6"
      }
    },
    "primer-core": {
      "version": "5.0.1",
      "resolved": "https://registry.npmjs.org/primer-core/-/primer-core-5.0.1.tgz",
      "integrity": "sha1-TZq/WuR3s7BJr7/lG78YpAA/0Ms=",
      "requires": {
        "primer-base": "0.4.2",
        "primer-box": "2.1.7",
        "primer-buttons": "2.0.5",
        "primer-forms": "1.0.12",
        "primer-layout": "1.0.4",
        "primer-navigation": "1.0.5",
        "primer-support": "4.0.6",
        "primer-table-object": "1.0.8",
        "primer-tooltips": "1.0.1",
        "primer-truncate": "1.0.1",
        "primer-utilities": "4.3.4"
      }
    },
    "primer-css": {
      "version": "8.0.0",
      "resolved": "https://registry.npmjs.org/primer-css/-/primer-css-8.0.0.tgz",
      "integrity": "sha1-5XYtq/f62SXzCXi7vFiPO9Rmrl8=",
      "requires": {
        "primer-alerts": "1.1.7",
        "primer-avatars": "1.0.1",
        "primer-base": "0.4.2",
        "primer-blankslate": "1.0.1",
        "primer-box": "2.1.7",
        "primer-breadcrumb": "1.0.1",
        "primer-buttons": "2.0.5",
        "primer-cards": "0.1.7",
        "primer-core": "5.0.1",
        "primer-forms": "1.0.12",
        "primer-labels": "1.1.5",
        "primer-layout": "1.0.4",
        "primer-markdown": "3.3.12",
        "primer-marketing": "5.0.1",
        "primer-marketing-support": "1.0.1",
        "primer-marketing-type": "1.0.1",
        "primer-marketing-utilities": "1.0.1",
        "primer-navigation": "1.0.5",
        "primer-page-headers": "1.0.1",
        "primer-page-sections": "1.0.1",
        "primer-product": "5.0.1",
        "primer-support": "4.0.6",
        "primer-table-object": "1.0.8",
        "primer-tables": "1.0.1",
        "primer-tooltips": "1.0.1",
        "primer-truncate": "1.0.1",
        "primer-utilities": "4.3.4"
      }
    },
    "primer-forms": {
      "version": "1.0.12",
      "resolved": "https://registry.npmjs.org/primer-forms/-/primer-forms-1.0.12.tgz",
      "integrity": "sha1-AbmPUIhScvqLeH4gQzeYPlf38BU=",
      "requires": {
        "primer-support": "4.0.6"
      }
    },
    "primer-labels": {
      "version": "1.1.5",
      "resolved": "https://registry.npmjs.org/primer-labels/-/primer-labels-1.1.5.tgz",
      "integrity": "sha1-F1K536lS7mYnYEbiId1eEKD4vpk=",
      "requires": {
        "primer-support": "4.0.6"
      }
    },
    "primer-layout": {
      "version": "1.0.4",
      "resolved": "https://registry.npmjs.org/primer-layout/-/primer-layout-1.0.4.tgz",
      "integrity": "sha1-730nf+1bTk7jdYSrZ6SguLZhzdI=",
      "requires": {
        "primer-support": "4.0.6"
      }
    },
    "primer-markdown": {
      "version": "3.3.12",
      "resolved": "https://registry.npmjs.org/primer-markdown/-/primer-markdown-3.3.12.tgz",
      "integrity": "sha1-aN6IYA7cSdKHJ6/u4y4O/8HKKv4=",
      "requires": {
        "primer-support": "4.0.6"
      }
    },
    "primer-marketing": {
      "version": "5.0.1",
      "resolved": "https://registry.npmjs.org/primer-marketing/-/primer-marketing-5.0.1.tgz",
      "integrity": "sha1-J+r067J5x1XoZC3hvhu+GJpoPno=",
      "requires": {
        "primer-breadcrumb": "1.0.1",
        "primer-cards": "0.1.7",
        "primer-marketing-support": "1.0.1",
        "primer-marketing-type": "1.0.1",
        "primer-marketing-utilities": "1.0.1",
        "primer-page-headers": "1.0.1",
        "primer-page-sections": "1.0.1",
        "primer-support": "4.0.6",
        "primer-tables": "1.0.1"
      }
    },
    "primer-marketing-support": {
      "version": "1.0.1",
      "resolved": "https://registry.npmjs.org/primer-marketing-support/-/primer-marketing-support-1.0.1.tgz",
      "integrity": "sha1-aL2NEWNvc0JINZDk6mXu9e50Nw4="
    },
    "primer-marketing-type": {
      "version": "1.0.1",
      "resolved": "https://registry.npmjs.org/primer-marketing-type/-/primer-marketing-type-1.0.1.tgz",
      "integrity": "sha1-WMV/ulTeJ6KRK3mCHLKdUsyUpV0=",
      "requires": {
        "primer-marketing-support": "1.0.1",
        "primer-support": "4.0.6"
      }
    },
    "primer-marketing-utilities": {
      "version": "1.0.1",
      "resolved": "https://registry.npmjs.org/primer-marketing-utilities/-/primer-marketing-utilities-1.0.1.tgz",
      "integrity": "sha1-SC+88Z+bgffSibJu5DvMlNVjhW4=",
      "requires": {
        "primer-marketing-support": "1.0.1",
        "primer-support": "4.0.6"
      }
    },
    "primer-navigation": {
      "version": "1.0.5",
      "resolved": "https://registry.npmjs.org/primer-navigation/-/primer-navigation-1.0.5.tgz",
      "integrity": "sha1-6HsDhvFjZiTSdb1VZQs7HUdrBQ8=",
      "requires": {
        "primer-support": "4.0.6"
      }
    },
    "primer-page-headers": {
      "version": "1.0.1",
      "resolved": "https://registry.npmjs.org/primer-page-headers/-/primer-page-headers-1.0.1.tgz",
      "integrity": "sha1-4y4Vz7aixJu5nxzXHDygToF6D3c=",
      "requires": {
        "primer-marketing-support": "1.0.1",
        "primer-support": "4.0.6"
      }
    },
    "primer-page-sections": {
      "version": "1.0.1",
      "resolved": "https://registry.npmjs.org/primer-page-sections/-/primer-page-sections-1.0.1.tgz",
      "integrity": "sha1-D0Knyc6P4SrIq9IdTToTIUFDWek=",
      "requires": {
        "primer-marketing-support": "1.0.1",
        "primer-support": "4.0.6"
      }
    },
    "primer-product": {
      "version": "5.0.1",
      "resolved": "https://registry.npmjs.org/primer-product/-/primer-product-5.0.1.tgz",
      "integrity": "sha1-qceVAIMKvvKp5AJg4VtS1+PqhuQ=",
      "requires": {
        "primer-alerts": "1.1.7",
        "primer-avatars": "1.0.1",
        "primer-blankslate": "1.0.1",
        "primer-labels": "1.1.5",
        "primer-markdown": "3.3.12",
        "primer-support": "4.0.6"
      }
    },
    "primer-support": {
      "version": "4.0.6",
      "resolved": "https://registry.npmjs.org/primer-support/-/primer-support-4.0.6.tgz",
      "integrity": "sha1-gPO/HOtj/aHPL9vOoJtjLIEuHVQ="
    },
    "primer-table-object": {
      "version": "1.0.8",
      "resolved": "https://registry.npmjs.org/primer-table-object/-/primer-table-object-1.0.8.tgz",
      "integrity": "sha1-HBYUvWj2rYcuXTREcPs02DgtsV8=",
      "requires": {
        "primer-support": "4.0.6"
      }
    },
    "primer-tables": {
      "version": "1.0.1",
      "resolved": "https://registry.npmjs.org/primer-tables/-/primer-tables-1.0.1.tgz",
      "integrity": "sha1-zSNkV2s6exNTSATxJFNuYfwHhGQ=",
      "requires": {
        "primer-marketing-support": "1.0.1",
        "primer-support": "4.0.6"
      }
    },
    "primer-tooltips": {
      "version": "1.0.1",
      "resolved": "https://registry.npmjs.org/primer-tooltips/-/primer-tooltips-1.0.1.tgz",
      "integrity": "sha1-BpKvasKqFzRkIb7cKDIBSyZ3VN8=",
      "requires": {
        "primer-support": "4.0.6"
      }
    },
    "primer-truncate": {
      "version": "1.0.1",
      "resolved": "https://registry.npmjs.org/primer-truncate/-/primer-truncate-1.0.1.tgz",
      "integrity": "sha1-NrliBrEbyQ1EKLjqkPmlOxqSq88=",
      "requires": {
        "primer-support": "4.0.6"
      }
    },
    "primer-utilities": {
      "version": "4.3.4",
      "resolved": "https://registry.npmjs.org/primer-utilities/-/primer-utilities-4.3.4.tgz",
      "integrity": "sha1-/8ib2Z6vaSTVkE/jAIEXDGyFUAg=",
      "requires": {
        "primer-support": "4.0.6"
      }
    }
  }
}
